// !$*UTF8*$!
{
	archiveVersion = 1;
	classes = {
	};
	objectVersion = 46;
	objects = {

/* Begin PBXBuildFile section */
		43013AEB1D243A9C004D569F /* FirebaseDatabaseService.m in Sources */ = {isa = PBXBuildFile; fileRef = 43013AEA1D243A9C004D569F /* FirebaseDatabaseService.m */; };
		4311809D1D2D4DB50002DC22 /* EditProfileTVC.m in Sources */ = {isa = PBXBuildFile; fileRef = 4311809C1D2D4DB50002DC22 /* EditProfileTVC.m */; };
		43280D921CF87BF900F726FE /* main.m in Sources */ = {isa = PBXBuildFile; fileRef = 43280D911CF87BF900F726FE /* main.m */; };
		43280D951CF87BF900F726FE /* AppDelegate.m in Sources */ = {isa = PBXBuildFile; fileRef = 43280D941CF87BF900F726FE /* AppDelegate.m */; };
		43280D981CF87BF900F726FE /* MapSpotMapVC.m in Sources */ = {isa = PBXBuildFile; fileRef = 43280D971CF87BF900F726FE /* MapSpotMapVC.m */; };
		43280D9B1CF87BF900F726FE /* Main.storyboard in Resources */ = {isa = PBXBuildFile; fileRef = 43280D991CF87BF900F726FE /* Main.storyboard */; };
		43280D9D1CF87BF900F726FE /* Assets.xcassets in Resources */ = {isa = PBXBuildFile; fileRef = 43280D9C1CF87BF900F726FE /* Assets.xcassets */; };
		43280DA01CF87BF900F726FE /* LaunchScreen.storyboard in Resources */ = {isa = PBXBuildFile; fileRef = 43280D9E1CF87BF900F726FE /* LaunchScreen.storyboard */; };
		435544E21CFA2F6C002A4370 /* MapKit.framework in Frameworks */ = {isa = PBXBuildFile; fileRef = 435544E11CFA2F6C002A4370 /* MapKit.framework */; };
		435544E41CFA3180002A4370 /* .gitignore in Resources */ = {isa = PBXBuildFile; fileRef = 435544E31CFA3180002A4370 /* .gitignore */; };
		4374D3181D010ECA00C8FE5B /* User.m in Sources */ = {isa = PBXBuildFile; fileRef = 4374D3171D010ECA00C8FE5B /* User.m */; };
		4374D31A1D02001F00C8FE5B /* GoogleService-Info.plist in Resources */ = {isa = PBXBuildFile; fileRef = 4374D3191D02001F00C8FE5B /* GoogleService-Info.plist */; };
		43AB329D1CFACCF300631D92 /* UserSpotCreationVC.m in Sources */ = {isa = PBXBuildFile; fileRef = 43AB329C1CFACCF300631D92 /* UserSpotCreationVC.m */; };
		43AB32A01CFB8C1E00631D92 /* Spot.m in Sources */ = {isa = PBXBuildFile; fileRef = 43AB329F1CFB8C1E00631D92 /* Spot.m */; };
		43AB32A31CFBF9A700631D92 /* Annotation.m in Sources */ = {isa = PBXBuildFile; fileRef = 43AB32A21CFBF9A700631D92 /* Annotation.m */; };
		43D8DEEC1D0104F00060D1BF /* LoginVC.m in Sources */ = {isa = PBXBuildFile; fileRef = 43D8DEEB1D0104F00060D1BF /* LoginVC.m */; };
		43D8DEEF1D0105210060D1BF /* SignUpVC.m in Sources */ = {isa = PBXBuildFile; fileRef = 43D8DEEE1D0105210060D1BF /* SignUpVC.m */; };
		FE717BA2A2685DF966FD7AD0 /* libPods-MapSpot.a in Frameworks */ = {isa = PBXBuildFile; fileRef = 11E4651FF2387130EC55898D /* libPods-MapSpot.a */; };
/* End PBXBuildFile section */

/* Begin PBXFileReference section */
		11E4651FF2387130EC55898D /* libPods-MapSpot.a */ = {isa = PBXFileReference; explicitFileType = archive.ar; includeInIndex = 0; path = "libPods-MapSpot.a"; sourceTree = BUILT_PRODUCTS_DIR; };
		1946161770F870D8FC0DA413 /* Pods-MapSpot.debug.xcconfig */ = {isa = PBXFileReference; includeInIndex = 1; lastKnownFileType = text.xcconfig; name = "Pods-MapSpot.debug.xcconfig"; path = "Pods/Target Support Files/Pods-MapSpot/Pods-MapSpot.debug.xcconfig"; sourceTree = "<group>"; };
		43013AE91D243A9C004D569F /* FirebaseDatabaseService.h */ = {isa = PBXFileReference; fileEncoding = 4; lastKnownFileType = sourcecode.c.h; path = FirebaseDatabaseService.h; sourceTree = "<group>"; };
		43013AEA1D243A9C004D569F /* FirebaseDatabaseService.m */ = {isa = PBXFileReference; fileEncoding = 4; lastKnownFileType = sourcecode.c.objc; path = FirebaseDatabaseService.m; sourceTree = "<group>"; };
		4311809B1D2D4DB50002DC22 /* EditProfileTVC.h */ = {isa = PBXFileReference; fileEncoding = 4; lastKnownFileType = sourcecode.c.h; path = EditProfileTVC.h; sourceTree = "<group>"; };
		4311809C1D2D4DB50002DC22 /* EditProfileTVC.m */ = {isa = PBXFileReference; fileEncoding = 4; lastKnownFileType = sourcecode.c.objc; path = EditProfileTVC.m; sourceTree = "<group>"; };
		43280D8D1CF87BF900F726FE /* MapSpot.app */ = {isa = PBXFileReference; explicitFileType = wrapper.application; includeInIndex = 0; path = MapSpot.app; sourceTree = BUILT_PRODUCTS_DIR; };
		43280D911CF87BF900F726FE /* main.m */ = {isa = PBXFileReference; lastKnownFileType = sourcecode.c.objc; path = main.m; sourceTree = "<group>"; };
		43280D931CF87BF900F726FE /* AppDelegate.h */ = {isa = PBXFileReference; lastKnownFileType = sourcecode.c.h; path = AppDelegate.h; sourceTree = "<group>"; };
		43280D941CF87BF900F726FE /* AppDelegate.m */ = {isa = PBXFileReference; lastKnownFileType = sourcecode.c.objc; path = AppDelegate.m; sourceTree = "<group>"; };
		43280D961CF87BF900F726FE /* MapSpotMapVC.h */ = {isa = PBXFileReference; lastKnownFileType = sourcecode.c.h; path = MapSpotMapVC.h; sourceTree = "<group>"; };
		43280D971CF87BF900F726FE /* MapSpotMapVC.m */ = {isa = PBXFileReference; lastKnownFileType = sourcecode.c.objc; path = MapSpotMapVC.m; sourceTree = "<group>"; };
		43280D9A1CF87BF900F726FE /* Base */ = {isa = PBXFileReference; lastKnownFileType = file.storyboard; name = Base; path = Base.lproj/Main.storyboard; sourceTree = "<group>"; };
		43280D9C1CF87BF900F726FE /* Assets.xcassets */ = {isa = PBXFileReference; lastKnownFileType = folder.assetcatalog; path = Assets.xcassets; sourceTree = "<group>"; };
		43280D9F1CF87BF900F726FE /* Base */ = {isa = PBXFileReference; lastKnownFileType = file.storyboard; name = Base; path = Base.lproj/LaunchScreen.storyboard; sourceTree = "<group>"; };
		43280DA11CF87BF900F726FE /* Info.plist */ = {isa = PBXFileReference; lastKnownFileType = text.plist.xml; path = Info.plist; sourceTree = "<group>"; };
		435544E11CFA2F6C002A4370 /* MapKit.framework */ = {isa = PBXFileReference; lastKnownFileType = wrapper.framework; name = MapKit.framework; path = System/Library/Frameworks/MapKit.framework; sourceTree = SDKROOT; };
		435544E31CFA3180002A4370 /* .gitignore */ = {isa = PBXFileReference; fileEncoding = 4; lastKnownFileType = text; name = .gitignore; path = ../.gitignore; sourceTree = "<group>"; };
		4374D3161D010ECA00C8FE5B /* User.h */ = {isa = PBXFileReference; fileEncoding = 4; lastKnownFileType = sourcecode.c.h; path = User.h; sourceTree = "<group>"; };
		4374D3171D010ECA00C8FE5B /* User.m */ = {isa = PBXFileReference; fileEncoding = 4; lastKnownFileType = sourcecode.c.objc; path = User.m; sourceTree = "<group>"; };
		4374D3191D02001F00C8FE5B /* GoogleService-Info.plist */ = {isa = PBXFileReference; fileEncoding = 4; lastKnownFileType = text.plist.xml; path = "GoogleService-Info.plist"; sourceTree = "<group>"; };
		43AB329B1CFACCF300631D92 /* UserSpotCreationVC.h */ = {isa = PBXFileReference; fileEncoding = 4; lastKnownFileType = sourcecode.c.h; path = UserSpotCreationVC.h; sourceTree = "<group>"; };
		43AB329C1CFACCF300631D92 /* UserSpotCreationVC.m */ = {isa = PBXFileReference; fileEncoding = 4; lastKnownFileType = sourcecode.c.objc; path = UserSpotCreationVC.m; sourceTree = "<group>"; };
		43AB329E1CFB8C1E00631D92 /* Spot.h */ = {isa = PBXFileReference; fileEncoding = 4; lastKnownFileType = sourcecode.c.h; path = Spot.h; sourceTree = "<group>"; };
		43AB329F1CFB8C1E00631D92 /* Spot.m */ = {isa = PBXFileReference; fileEncoding = 4; lastKnownFileType = sourcecode.c.objc; path = Spot.m; sourceTree = "<group>"; };
		43AB32A11CFBF9A700631D92 /* Annotation.h */ = {isa = PBXFileReference; fileEncoding = 4; lastKnownFileType = sourcecode.c.h; path = Annotation.h; sourceTree = "<group>"; };
		43AB32A21CFBF9A700631D92 /* Annotation.m */ = {isa = PBXFileReference; fileEncoding = 4; lastKnownFileType = sourcecode.c.objc; path = Annotation.m; sourceTree = "<group>"; };
		43D8DEEA1D0104F00060D1BF /* LoginVC.h */ = {isa = PBXFileReference; fileEncoding = 4; lastKnownFileType = sourcecode.c.h; path = LoginVC.h; sourceTree = "<group>"; };
		43D8DEEB1D0104F00060D1BF /* LoginVC.m */ = {isa = PBXFileReference; fileEncoding = 4; lastKnownFileType = sourcecode.c.objc; path = LoginVC.m; sourceTree = "<group>"; };
		43D8DEED1D0105210060D1BF /* SignUpVC.h */ = {isa = PBXFileReference; fileEncoding = 4; lastKnownFileType = sourcecode.c.h; path = SignUpVC.h; sourceTree = "<group>"; };
		43D8DEEE1D0105210060D1BF /* SignUpVC.m */ = {isa = PBXFileReference; fileEncoding = 4; lastKnownFileType = sourcecode.c.objc; path = SignUpVC.m; sourceTree = "<group>"; };
		5BC4E31F1BC35754AC23F30F /* Pods-MapSpot.release.xcconfig */ = {isa = PBXFileReference; includeInIndex = 1; lastKnownFileType = text.xcconfig; name = "Pods-MapSpot.release.xcconfig"; path = "Pods/Target Support Files/Pods-MapSpot/Pods-MapSpot.release.xcconfig"; sourceTree = "<group>"; };
/* End PBXFileReference section */

/* Begin PBXFrameworksBuildPhase section */
		43280D8A1CF87BF900F726FE /* Frameworks */ = {
			isa = PBXFrameworksBuildPhase;
			buildActionMask = 2147483647;
			files = (
				435544E21CFA2F6C002A4370 /* MapKit.framework in Frameworks */,
				FE717BA2A2685DF966FD7AD0 /* libPods-MapSpot.a in Frameworks */,
			);
			runOnlyForDeploymentPostprocessing = 0;
		};
/* End PBXFrameworksBuildPhase section */

/* Begin PBXGroup section */
		43280D841CF87BF900F726FE = {
			isa = PBXGroup;
			children = (
				435544E11CFA2F6C002A4370 /* MapKit.framework */,
				43280D8F1CF87BF900F726FE /* MapSpot */,
				43280D8E1CF87BF900F726FE /* Products */,
				8D1DA3111945723E9E059048 /* Pods */,
				B6039D873ED445B16F4E13E2 /* Frameworks */,
			);
			sourceTree = "<group>";
		};
		43280D8E1CF87BF900F726FE /* Products */ = {
			isa = PBXGroup;
			children = (
				43280D8D1CF87BF900F726FE /* MapSpot.app */,
			);
			name = Products;
			sourceTree = "<group>";
		};
		43280D8F1CF87BF900F726FE /* MapSpot */ = {
			isa = PBXGroup;
			children = (
				43280D931CF87BF900F726FE /* AppDelegate.h */,
				43280D941CF87BF900F726FE /* AppDelegate.m */,
				43AB32A51CFBF9BD00631D92 /* ViewController */,
				43AB32A41CFBF9B100631D92 /* Model */,
				43280D991CF87BF900F726FE /* Main.storyboard */,
				43280D9C1CF87BF900F726FE /* Assets.xcassets */,
				43280D9E1CF87BF900F726FE /* LaunchScreen.storyboard */,
				435544E31CFA3180002A4370 /* .gitignore */,
				43280D901CF87BF900F726FE /* Supporting Files */,
			);
			path = MapSpot;
			sourceTree = "<group>";
		};
		43280D901CF87BF900F726FE /* Supporting Files */ = {
			isa = PBXGroup;
			children = (
				4374D3191D02001F00C8FE5B /* GoogleService-Info.plist */,
				43280DA11CF87BF900F726FE /* Info.plist */,
				43280D911CF87BF900F726FE /* main.m */,
			);
			name = "Supporting Files";
			sourceTree = "<group>";
		};
		43AB32A41CFBF9B100631D92 /* Model */ = {
			isa = PBXGroup;
			children = (
				43AB329E1CFB8C1E00631D92 /* Spot.h */,
				43AB329F1CFB8C1E00631D92 /* Spot.m */,
				43AB32A11CFBF9A700631D92 /* Annotation.h */,
				43AB32A21CFBF9A700631D92 /* Annotation.m */,
				4374D3161D010ECA00C8FE5B /* User.h */,
				4374D3171D010ECA00C8FE5B /* User.m */,
				43013AE91D243A9C004D569F /* FirebaseDatabaseService.h */,
				43013AEA1D243A9C004D569F /* FirebaseDatabaseService.m */,
			);
			name = Model;
			sourceTree = "<group>";
		};
		43AB32A51CFBF9BD00631D92 /* ViewController */ = {
			isa = PBXGroup;
			children = (
				43D8DEF01D0105290060D1BF /* Login */,
				4311809B1D2D4DB50002DC22 /* EditProfileTVC.h */,
				4311809C1D2D4DB50002DC22 /* EditProfileTVC.m */,
				43280D961CF87BF900F726FE /* MapSpotMapVC.h */,
				43280D971CF87BF900F726FE /* MapSpotMapVC.m */,
				43AB329B1CFACCF300631D92 /* UserSpotCreationVC.h */,
				43AB329C1CFACCF300631D92 /* UserSpotCreationVC.m */,
			);
			name = ViewController;
			sourceTree = "<group>";
		};
		43D8DEF01D0105290060D1BF /* Login */ = {
			isa = PBXGroup;
			children = (
				43D8DEED1D0105210060D1BF /* SignUpVC.h */,
				43D8DEEE1D0105210060D1BF /* SignUpVC.m */,
				43D8DEEA1D0104F00060D1BF /* LoginVC.h */,
				43D8DEEB1D0104F00060D1BF /* LoginVC.m */,
			);
			name = Login;
			sourceTree = "<group>";
		};
		8D1DA3111945723E9E059048 /* Pods */ = {
			isa = PBXGroup;
			children = (
				1946161770F870D8FC0DA413 /* Pods-MapSpot.debug.xcconfig */,
				5BC4E31F1BC35754AC23F30F /* Pods-MapSpot.release.xcconfig */,
			);
			name = Pods;
			sourceTree = "<group>";
		};
		B6039D873ED445B16F4E13E2 /* Frameworks */ = {
			isa = PBXGroup;
			children = (
				11E4651FF2387130EC55898D /* libPods-MapSpot.a */,
			);
			name = Frameworks;
			sourceTree = "<group>";
		};
/* End PBXGroup section */

/* Begin PBXNativeTarget section */
		43280D8C1CF87BF900F726FE /* MapSpot */ = {
			isa = PBXNativeTarget;
			buildConfigurationList = 43280DA41CF87BF900F726FE /* Build configuration list for PBXNativeTarget "MapSpot" */;
			buildPhases = (
				126F33821E5D230DCA7FE500 /* 📦 Check Pods Manifest.lock */,
				43280D891CF87BF900F726FE /* Sources */,
				43280D8A1CF87BF900F726FE /* Frameworks */,
				43280D8B1CF87BF900F726FE /* Resources */,
				00A98DBBD7356EACEADACCA2 /* 📦 Embed Pods Frameworks */,
				CA748C15F3203FC7DA74B57A /* 📦 Copy Pods Resources */,
			);
			buildRules = (
			);
			dependencies = (
			);
			name = MapSpot;
			productName = MapSpot;
			productReference = 43280D8D1CF87BF900F726FE /* MapSpot.app */;
			productType = "com.apple.product-type.application";
		};
/* End PBXNativeTarget section */

/* Begin PBXProject section */
		43280D851CF87BF900F726FE /* Project object */ = {
			isa = PBXProject;
			attributes = {
				LastUpgradeCheck = 0730;
				ORGANIZATIONNAME = DetroitLabs;
				TargetAttributes = {
					43280D8C1CF87BF900F726FE = {
						CreatedOnToolsVersion = 7.3.1;
					};
				};
			};
			buildConfigurationList = 43280D881CF87BF900F726FE /* Build configuration list for PBXProject "MapSpot" */;
			compatibilityVersion = "Xcode 3.2";
			developmentRegion = English;
			hasScannedForEncodings = 0;
			knownRegions = (
				en,
				Base,
			);
			mainGroup = 43280D841CF87BF900F726FE;
			productRefGroup = 43280D8E1CF87BF900F726FE /* Products */;
			projectDirPath = "";
			projectRoot = "";
			targets = (
				43280D8C1CF87BF900F726FE /* MapSpot */,
			);
		};
/* End PBXProject section */

/* Begin PBXResourcesBuildPhase section */
		43280D8B1CF87BF900F726FE /* Resources */ = {
			isa = PBXResourcesBuildPhase;
			buildActionMask = 2147483647;
			files = (
				435544E41CFA3180002A4370 /* .gitignore in Resources */,
				43280DA01CF87BF900F726FE /* LaunchScreen.storyboard in Resources */,
				4374D31A1D02001F00C8FE5B /* GoogleService-Info.plist in Resources */,
				43280D9D1CF87BF900F726FE /* Assets.xcassets in Resources */,
				43280D9B1CF87BF900F726FE /* Main.storyboard in Resources */,
			);
			runOnlyForDeploymentPostprocessing = 0;
		};
/* End PBXResourcesBuildPhase section */

/* Begin PBXShellScriptBuildPhase section */
		00A98DBBD7356EACEADACCA2 /* 📦 Embed Pods Frameworks */ = {
			isa = PBXShellScriptBuildPhase;
			buildActionMask = 2147483647;
			files = (
			);
			inputPaths = (
			);
			name = "📦 Embed Pods Frameworks";
			outputPaths = (
			);
			runOnlyForDeploymentPostprocessing = 0;
			shellPath = /bin/sh;
			shellScript = "\"${SRCROOT}/Pods/Target Support Files/Pods-MapSpot/Pods-MapSpot-frameworks.sh\"\n";
			showEnvVarsInLog = 0;
		};
		126F33821E5D230DCA7FE500 /* 📦 Check Pods Manifest.lock */ = {
			isa = PBXShellScriptBuildPhase;
			buildActionMask = 2147483647;
			files = (
			);
			inputPaths = (
			);
			name = "📦 Check Pods Manifest.lock";
			outputPaths = (
			);
			runOnlyForDeploymentPostprocessing = 0;
			shellPath = /bin/sh;
			shellScript = "diff \"${PODS_ROOT}/../Podfile.lock\" \"${PODS_ROOT}/Manifest.lock\" > /dev/null\nif [[ $? != 0 ]] ; then\n    cat << EOM\nerror: The sandbox is not in sync with the Podfile.lock. Run 'pod install' or update your CocoaPods installation.\nEOM\n    exit 1\nfi\n";
			showEnvVarsInLog = 0;
		};
		CA748C15F3203FC7DA74B57A /* 📦 Copy Pods Resources */ = {
			isa = PBXShellScriptBuildPhase;
			buildActionMask = 2147483647;
			files = (
			);
			inputPaths = (
			);
			name = "📦 Copy Pods Resources";
			outputPaths = (
			);
			runOnlyForDeploymentPostprocessing = 0;
			shellPath = /bin/sh;
			shellScript = "\"${SRCROOT}/Pods/Target Support Files/Pods-MapSpot/Pods-MapSpot-resources.sh\"\n";
			showEnvVarsInLog = 0;
		};
/* End PBXShellScriptBuildPhase section */

/* Begin PBXSourcesBuildPhase section */
		43280D891CF87BF900F726FE /* Sources */ = {
			isa = PBXSourcesBuildPhase;
			buildActionMask = 2147483647;
			files = (
				43AB32A31CFBF9A700631D92 /* Annotation.m in Sources */,
				43AB32A01CFB8C1E00631D92 /* Spot.m in Sources */,
				4374D3181D010ECA00C8FE5B /* User.m in Sources */,
				43280D981CF87BF900F726FE /* MapSpotMapVC.m in Sources */,
				43280D951CF87BF900F726FE /* AppDelegate.m in Sources */,
				4311809D1D2D4DB50002DC22 /* EditProfileTVC.m in Sources */,
				43013AEB1D243A9C004D569F /* FirebaseDatabaseService.m in Sources */,
				43D8DEEF1D0105210060D1BF /* SignUpVC.m in Sources */,
				43AB329D1CFACCF300631D92 /* UserSpotCreationVC.m in Sources */,
				43D8DEEC1D0104F00060D1BF /* LoginVC.m in Sources */,
				43280D921CF87BF900F726FE /* main.m in Sources */,
			);
			runOnlyForDeploymentPostprocessing = 0;
		};
/* End PBXSourcesBuildPhase section */

/* Begin PBXVariantGroup section */
		43280D991CF87BF900F726FE /* Main.storyboard */ = {
			isa = PBXVariantGroup;
			children = (
				43280D9A1CF87BF900F726FE /* Base */,
			);
			name = Main.storyboard;
			sourceTree = "<group>";
		};
		43280D9E1CF87BF900F726FE /* LaunchScreen.storyboard */ = {
			isa = PBXVariantGroup;
			children = (
				43280D9F1CF87BF900F726FE /* Base */,
			);
			name = LaunchScreen.storyboard;
			sourceTree = "<group>";
		};
/* End PBXVariantGroup section */

/* Begin XCBuildConfiguration section */
		43280DA21CF87BF900F726FE /* Debug */ = {
			isa = XCBuildConfiguration;
			buildSettings = {
				ALWAYS_SEARCH_USER_PATHS = NO;
				CLANG_ANALYZER_NONNULL = YES;
				CLANG_CXX_LANGUAGE_STANDARD = "gnu++0x";
				CLANG_CXX_LIBRARY = "libc++";
				CLANG_ENABLE_MODULES = YES;
				CLANG_ENABLE_OBJC_ARC = YES;
				CLANG_WARN_BOOL_CONVERSION = YES;
				CLANG_WARN_CONSTANT_CONVERSION = YES;
				CLANG_WARN_DIRECT_OBJC_ISA_USAGE = YES_ERROR;
				CLANG_WARN_EMPTY_BODY = YES;
				CLANG_WARN_ENUM_CONVERSION = YES;
				CLANG_WARN_INT_CONVERSION = YES;
				CLANG_WARN_OBJC_ROOT_CLASS = YES_ERROR;
				CLANG_WARN_UNREACHABLE_CODE = YES;
				CLANG_WARN__DUPLICATE_METHOD_MATCH = YES;
				"CODE_SIGN_IDENTITY[sdk=iphoneos*]" = "iPhone Developer";
				COPY_PHASE_STRIP = NO;
				DEBUG_INFORMATION_FORMAT = dwarf;
				ENABLE_STRICT_OBJC_MSGSEND = YES;
				ENABLE_TESTABILITY = YES;
				GCC_C_LANGUAGE_STANDARD = gnu99;
				GCC_DYNAMIC_NO_PIC = NO;
				GCC_NO_COMMON_BLOCKS = YES;
				GCC_OPTIMIZATION_LEVEL = 0;
				GCC_PREPROCESSOR_DEFINITIONS = (
					"DEBUG=1",
					"$(inherited)",
				);
				GCC_WARN_64_TO_32_BIT_CONVERSION = YES;
				GCC_WARN_ABOUT_RETURN_TYPE = YES_ERROR;
				GCC_WARN_UNDECLARED_SELECTOR = YES;
				GCC_WARN_UNINITIALIZED_AUTOS = YES_AGGRESSIVE;
				GCC_WARN_UNUSED_FUNCTION = YES;
				GCC_WARN_UNUSED_VARIABLE = YES;
				IPHONEOS_DEPLOYMENT_TARGET = 9.3;
				MTL_ENABLE_DEBUG_INFO = YES;
				ONLY_ACTIVE_ARCH = YES;
				SDKROOT = iphoneos;
			};
			name = Debug;
		};
		43280DA31CF87BF900F726FE /* Release */ = {
			isa = XCBuildConfiguration;
			buildSettings = {
				ALWAYS_SEARCH_USER_PATHS = NO;
				CLANG_ANALYZER_NONNULL = YES;
				CLANG_CXX_LANGUAGE_STANDARD = "gnu++0x";
				CLANG_CXX_LIBRARY = "libc++";
				CLANG_ENABLE_MODULES = YES;
				CLANG_ENABLE_OBJC_ARC = YES;
				CLANG_WARN_BOOL_CONVERSION = YES;
				CLANG_WARN_CONSTANT_CONVERSION = YES;
				CLANG_WARN_DIRECT_OBJC_ISA_USAGE = YES_ERROR;
				CLANG_WARN_EMPTY_BODY = YES;
				CLANG_WARN_ENUM_CONVERSION = YES;
				CLANG_WARN_INT_CONVERSION = YES;
				CLANG_WARN_OBJC_ROOT_CLASS = YES_ERROR;
				CLANG_WARN_UNREACHABLE_CODE = YES;
				CLANG_WARN__DUPLICATE_METHOD_MATCH = YES;
				"CODE_SIGN_IDENTITY[sdk=iphoneos*]" = "iPhone Developer";
				COPY_PHASE_STRIP = NO;
				DEBUG_INFORMATION_FORMAT = "dwarf-with-dsym";
				ENABLE_NS_ASSERTIONS = NO;
				ENABLE_STRICT_OBJC_MSGSEND = YES;
				GCC_C_LANGUAGE_STANDARD = gnu99;
				GCC_NO_COMMON_BLOCKS = YES;
				GCC_WARN_64_TO_32_BIT_CONVERSION = YES;
				GCC_WARN_ABOUT_RETURN_TYPE = YES_ERROR;
				GCC_WARN_UNDECLARED_SELECTOR = YES;
				GCC_WARN_UNINITIALIZED_AUTOS = YES_AGGRESSIVE;
				GCC_WARN_UNUSED_FUNCTION = YES;
				GCC_WARN_UNUSED_VARIABLE = YES;
				IPHONEOS_DEPLOYMENT_TARGET = 9.3;
				MTL_ENABLE_DEBUG_INFO = NO;
				SDKROOT = iphoneos;
				VALIDATE_PRODUCT = YES;
			};
			name = Release;
		};
		43280DA51CF87BF900F726FE /* Debug */ = {
			isa = XCBuildConfiguration;
			baseConfigurationReference = 1946161770F870D8FC0DA413 /* Pods-MapSpot.debug.xcconfig */;
			buildSettings = {
				ASSETCATALOG_COMPILER_APPICON_NAME = AppIcon;
				INFOPLIST_FILE = MapSpot/Info.plist;
				LD_RUNPATH_SEARCH_PATHS = "$(inherited) @executable_path/Frameworks";
				PRODUCT_BUNDLE_IDENTIFIER = detroitlabs.MapSpot;
				PRODUCT_NAME = "$(TARGET_NAME)";
			};
			name = Debug;
		};
		43280DA61CF87BF900F726FE /* Release */ = {
			isa = XCBuildConfiguration;
			baseConfigurationReference = 5BC4E31F1BC35754AC23F30F /* Pods-MapSpot.release.xcconfig */;
			buildSettings = {
				ASSETCATALOG_COMPILER_APPICON_NAME = AppIcon;
				INFOPLIST_FILE = MapSpot/Info.plist;
				LD_RUNPATH_SEARCH_PATHS = "$(inherited) @executable_path/Frameworks";
				PRODUCT_BUNDLE_IDENTIFIER = detroitlabs.MapSpot;
				PRODUCT_NAME = "$(TARGET_NAME)";
			};
			name = Release;
		};
/* End XCBuildConfiguration section */

/* Begin XCConfigurationList section */
		43280D881CF87BF900F726FE /* Build configuration list for PBXProject "MapSpot" */ = {
			isa = XCConfigurationList;
			buildConfigurations = (
				43280DA21CF87BF900F726FE /* Debug */,
				43280DA31CF87BF900F726FE /* Release */,
			);
			defaultConfigurationIsVisible = 0;
			defaultConfigurationName = Release;
		};
		43280DA41CF87BF900F726FE /* Build configuration list for PBXNativeTarget "MapSpot" */ = {
			isa = XCConfigurationList;
			buildConfigurations = (
				43280DA51CF87BF900F726FE /* Debug */,
				43280DA61CF87BF900F726FE /* Release */,
			);
			defaultConfigurationIsVisible = 0;
			defaultConfigurationName = Release;
		};
/* End XCConfigurationList section */
	};
	rootObject = 43280D851CF87BF900F726FE /* Project object */;
}
